
Microsoft Visual Studio Solution File, Format Version 12.00
# Visual Studio Version 16
VisualStudioVersion = 16.0.30621.155
MinimumVisualStudioVersion = 10.0.40219.1
Project("{FAE04EC0-301F-11D3-BF4B-00C04F79EFBC}") = "SimpleObserverPatternInCSharp", "SimpleObserverPatternInCSharp\SimpleObserverPatternInCSharp.csproj", "{E7470DF5-5166-48C6-A19C-D629A7D987A0}"
EndProject
Global
	GlobalSection(SolutionConfigurationPlatforms) = preSolution
		Debug|Any CPU = Debug|Any CPU
		Release|Any CPU = Release|Any CPU
	EndGlobalSection
	GlobalSection(ProjectConfigurationPlatforms) = postSolution
		{E7470DF5-5166-48C6-A19C-D629A7D987A0}.Debug|Any CPU.ActiveCfg = Debug|Any CPU
		{E7470DF5-5166-48C6-A19C-D629A7D987A0}.Debug|Any CPU.Build.0 = Debug|Any CPU
		{E7470DF5-5166-48C6-A19C-D629A7D987A0}.Release|Any CPU.ActiveCfg = Release|Any CPU
		{E7470DF5-5166-48C6-A19C-D629A7D987A0}.Release|Any CPU.Build.0 = Release|Any CPU
	EndGlobalSection
	GlobalSection(SolutionProperties) = preSolution
		HideSolutionNode = FALSE
	EndGlobalSection
	GlobalSection(ExtensibilityGlobals) = postSolution
		SolutionGuid = {1CAE650B-4AA9-4C42-9165-BD332A0AB70E}
	EndGlobalSection
EndGlobal
